// !$*UTF8*$!
{
	archiveVersion = 1;
	classes = {
	};
	objectVersion = 50;
	objects = {

/* Begin PBXBuildFile section */
		E56928B72457D556004C891C /* AppDelegate.swift in Sources */ = {isa = PBXBuildFile; fileRef = E56928B62457D556004C891C /* AppDelegate.swift */; };
		E56928B92457D556004C891C /* SceneDelegate.swift in Sources */ = {isa = PBXBuildFile; fileRef = E56928B82457D556004C891C /* SceneDelegate.swift */; };
		E56928BB2457D556004C891C /* ViewController.swift in Sources */ = {isa = PBXBuildFile; fileRef = E56928BA2457D556004C891C /* ViewController.swift */; };
		E56928BE2457D556004C891C /* Main.storyboard in Resources */ = {isa = PBXBuildFile; fileRef = E56928BC2457D556004C891C /* Main.storyboard */; };
		E56928C12457D556004C891C /* TCHClone.xcdatamodeld in Sources */ = {isa = PBXBuildFile; fileRef = E56928BF2457D556004C891C /* TCHClone.xcdatamodeld */; };
		E56928C32457D55C004C891C /* Assets.xcassets in Resources */ = {isa = PBXBuildFile; fileRef = E56928C22457D55C004C891C /* Assets.xcassets */; };
		E56928C62457D55C004C891C /* LaunchScreen.storyboard in Resources */ = {isa = PBXBuildFile; fileRef = E56928C42457D55C004C891C /* LaunchScreen.storyboard */; };
		E56928D12457D55D004C891C /* TCHCloneTests.swift in Sources */ = {isa = PBXBuildFile; fileRef = E56928D02457D55D004C891C /* TCHCloneTests.swift */; };
		E56928DC2457D55D004C891C /* TCHCloneUITests.swift in Sources */ = {isa = PBXBuildFile; fileRef = E56928DB2457D55D004C891C /* TCHCloneUITests.swift */; };
/* End PBXBuildFile section */

/* Begin PBXContainerItemProxy section */
		E56928CD2457D55D004C891C /* PBXContainerItemProxy */ = {
			isa = PBXContainerItemProxy;
			containerPortal = E56928AB2457D556004C891C /* Project object */;
			proxyType = 1;
			remoteGlobalIDString = E56928B22457D556004C891C;
			remoteInfo = TCHClone;
		};
		E56928D82457D55D004C891C /* PBXContainerItemProxy */ = {
			isa = PBXContainerItemProxy;
			containerPortal = E56928AB2457D556004C891C /* Project object */;
			proxyType = 1;
			remoteGlobalIDString = E56928B22457D556004C891C;
			remoteInfo = TCHClone;
		};
/* End PBXContainerItemProxy section */

/* Begin PBXFileReference section */
		E56928B32457D556004C891C /* TCHClone.app */ = {isa = PBXFileReference; explicitFileType = wrapper.application; includeInIndex = 0; path = TCHClone.app; sourceTree = BUILT_PRODUCTS_DIR; };
		E56928B62457D556004C891C /* AppDelegate.swift */ = {isa = PBXFileReference; lastKnownFileType = sourcecode.swift; path = AppDelegate.swift; sourceTree = "<group>"; };
		E56928B82457D556004C891C /* SceneDelegate.swift */ = {isa = PBXFileReference; lastKnownFileType = sourcecode.swift; path = SceneDelegate.swift; sourceTree = "<group>"; };
		E56928BA2457D556004C891C /* ViewController.swift */ = {isa = PBXFileReference; lastKnownFileType = sourcecode.swift; path = ViewController.swift; sourceTree = "<group>"; };
		E56928BD2457D556004C891C /* Base */ = {isa = PBXFileReference; lastKnownFileType = file.storyboard; name = Base; path = Base.lproj/Main.storyboard; sourceTree = "<group>"; };
		E56928C02457D556004C891C /* TCHClone.xcdatamodel */ = {isa = PBXFileReference; lastKnownFileType = wrapper.xcdatamodel; path = TCHClone.xcdatamodel; sourceTree = "<group>"; };
		E56928C22457D55C004C891C /* Assets.xcassets */ = {isa = PBXFileReference; lastKnownFileType = folder.assetcatalog; path = Assets.xcassets; sourceTree = "<group>"; };
		E56928C52457D55C004C891C /* Base */ = {isa = PBXFileReference; lastKnownFileType = file.storyboard; name = Base; path = Base.lproj/LaunchScreen.storyboard; sourceTree = "<group>"; };
		E56928C72457D55C004C891C /* Info.plist */ = {isa = PBXFileReference; lastKnownFileType = text.plist.xml; path = Info.plist; sourceTree = "<group>"; };
		E56928CC2457D55D004C891C /* TCHCloneTests.xctest */ = {isa = PBXFileReference; explicitFileType = wrapper.cfbundle; includeInIndex = 0; path = TCHCloneTests.xctest; sourceTree = BUILT_PRODUCTS_DIR; };
		E56928D02457D55D004C891C /* TCHCloneTests.swift */ = {isa = PBXFileReference; lastKnownFileType = sourcecode.swift; path = TCHCloneTests.swift; sourceTree = "<group>"; };
		E56928D22457D55D004C891C /* Info.plist */ = {isa = PBXFileReference; lastKnownFileType = text.plist.xml; path = Info.plist; sourceTree = "<group>"; };
		E56928D72457D55D004C891C /* TCHCloneUITests.xctest */ = {isa = PBXFileReference; explicitFileType = wrapper.cfbundle; includeInIndex = 0; path = TCHCloneUITests.xctest; sourceTree = BUILT_PRODUCTS_DIR; };
		E56928DB2457D55D004C891C /* TCHCloneUITests.swift */ = {isa = PBXFileReference; lastKnownFileType = sourcecode.swift; path = TCHCloneUITests.swift; sourceTree = "<group>"; };
		E56928DD2457D55D004C891C /* Info.plist */ = {isa = PBXFileReference; lastKnownFileType = text.plist.xml; path = Info.plist; sourceTree = "<group>"; };
/* End PBXFileReference section */

/* Begin PBXFrameworksBuildPhase section */
		E56928B02457D556004C891C /* Frameworks */ = {
			isa = PBXFrameworksBuildPhase;
			buildActionMask = 2147483647;
			files = (
			);
			runOnlyForDeploymentPostprocessing = 0;
		};
		E56928C92457D55D004C891C /* Frameworks */ = {
			isa = PBXFrameworksBuildPhase;
			buildActionMask = 2147483647;
			files = (
			);
			runOnlyForDeploymentPostprocessing = 0;
		};
		E56928D42457D55D004C891C /* Frameworks */ = {
			isa = PBXFrameworksBuildPhase;
			buildActionMask = 2147483647;
			files = (
			);
			runOnlyForDeploymentPostprocessing = 0;
		};
/* End PBXFrameworksBuildPhase section */

/* Begin PBXGroup section */
		E56928AA2457D556004C891C = {
			isa = PBXGroup;
			children = (
				E56928B52457D556004C891C /* TCHClone */,
				E56928CF2457D55D004C891C /* TCHCloneTests */,
				E56928DA2457D55D004C891C /* TCHCloneUITests */,
				E56928B42457D556004C891C /* Products */,
			);
			sourceTree = "<group>";
		};
		E56928B42457D556004C891C /* Products */ = {
			isa = PBXGroup;
			children = (
				E56928B32457D556004C891C /* TCHClone.app */,
				E56928CC2457D55D004C891C /* TCHCloneTests.xctest */,
				E56928D72457D55D004C891C /* TCHCloneUITests.xctest */,
			);
			name = Products;
			sourceTree = "<group>";
		};
		E56928B52457D556004C891C /* TCHClone */ = {
			isa = PBXGroup;
			children = (
				E56928B62457D556004C891C /* AppDelegate.swift */,
				E56928B82457D556004C891C /* SceneDelegate.swift */,
				E56928BA2457D556004C891C /* ViewController.swift */,
				E56928BC2457D556004C891C /* Main.storyboard */,
				E56928C22457D55C004C891C /* Assets.xcassets */,
				E56928C42457D55C004C891C /* LaunchScreen.storyboard */,
				E56928C72457D55C004C891C /* Info.plist */,
				E56928BF2457D556004C891C /* TCHClone.xcdatamodeld */,
			);
			path = TCHClone;
			sourceTree = "<group>";
		};
		E56928CF2457D55D004C891C /* TCHCloneTests */ = {
			isa = PBXGroup;
			children = (
				E56928D02457D55D004C891C /* TCHCloneTests.swift */,
				E56928D22457D55D004C891C /* Info.plist */,
			);
			path = TCHCloneTests;
			sourceTree = "<group>";
		};
		E56928DA2457D55D004C891C /* TCHCloneUITests */ = {
			isa = PBXGroup;
			children = (
				E56928DB2457D55D004C891C /* TCHCloneUITests.swift */,
				E56928DD2457D55D004C891C /* Info.plist */,
			);
			path = TCHCloneUITests;
			sourceTree = "<group>";
		};
/* End PBXGroup section */

/* Begin PBXNativeTarget section */
		E56928B22457D556004C891C /* TCHClone */ = {
			isa = PBXNativeTarget;
			buildConfigurationList = E56928E02457D55D004C891C /* Build configuration list for PBXNativeTarget "TCHClone" */;
			buildPhases = (
				E56928AF2457D556004C891C /* Sources */,
				E56928B02457D556004C891C /* Frameworks */,
				E56928B12457D556004C891C /* Resources */,
			);
			buildRules = (
			);
			dependencies = (
			);
			name = TCHClone;
			productName = TCHClone;
			productReference = E56928B32457D556004C891C /* TCHClone.app */;
			productType = "com.apple.product-type.application";
		};
		E56928CB2457D55D004C891C /* TCHCloneTests */ = {
			isa = PBXNativeTarget;
			buildConfigurationList = E56928E32457D55D004C891C /* Build configuration list for PBXNativeTarget "TCHCloneTests" */;
			buildPhases = (
				E56928C82457D55D004C891C /* Sources */,
				E56928C92457D55D004C891C /* Frameworks */,
				E56928CA2457D55D004C891C /* Resources */,
			);
			buildRules = (
			);
			dependencies = (
				E56928CE2457D55D004C891C /* PBXTargetDependency */,
			);
			name = TCHCloneTests;
			productName = TCHCloneTests;
			productReference = E56928CC2457D55D004C891C /* TCHCloneTests.xctest */;
			productType = "com.apple.product-type.bundle.unit-test";
		};
		E56928D62457D55D004C891C /* TCHCloneUITests */ = {
			isa = PBXNativeTarget;
			buildConfigurationList = E56928E62457D55D004C891C /* Build configuration list for PBXNativeTarget "TCHCloneUITests" */;
			buildPhases = (
				E56928D32457D55D004C891C /* Sources */,
				E56928D42457D55D004C891C /* Frameworks */,
				E56928D52457D55D004C891C /* Resources */,
			);
			buildRules = (
			);
			dependencies = (
				E56928D92457D55D004C891C /* PBXTargetDependency */,
			);
			name = TCHCloneUITests;
			productName = TCHCloneUITests;
			productReference = E56928D72457D55D004C891C /* TCHCloneUITests.xctest */;
			productType = "com.apple.product-type.bundle.ui-testing";
		};
/* End PBXNativeTarget section */

/* Begin PBXProject section */
		E56928AB2457D556004C891C /* Project object */ = {
			isa = PBXProject;
			attributes = {
				LastSwiftUpdateCheck = 1140;
				LastUpgradeCheck = 1140;
				ORGANIZATIONNAME = "Trần Huy";
				TargetAttributes = {
					E56928B22457D556004C891C = {
						CreatedOnToolsVersion = 11.4.1;
					};
					E56928CB2457D55D004C891C = {
						CreatedOnToolsVersion = 11.4.1;
						TestTargetID = E56928B22457D556004C891C;
					};
					E56928D62457D55D004C891C = {
						CreatedOnToolsVersion = 11.4.1;
						TestTargetID = E56928B22457D556004C891C;
					};
				};
			};
			buildConfigurationList = E56928AE2457D556004C891C /* Build configuration list for PBXProject "TCHClone" */;
			compatibilityVersion = "Xcode 9.3";
			developmentRegion = en;
			hasScannedForEncodings = 0;
			knownRegions = (
				en,
				Base,
			);
			mainGroup = E56928AA2457D556004C891C;
			productRefGroup = E56928B42457D556004C891C /* Products */;
			projectDirPath = "";
			projectRoot = "";
			targets = (
				E56928B22457D556004C891C /* TCHClone */,
				E56928CB2457D55D004C891C /* TCHCloneTests */,
				E56928D62457D55D004C891C /* TCHCloneUITests */,
			);
		};
/* End PBXProject section */

/* Begin PBXResourcesBuildPhase section */
		E56928B12457D556004C891C /* Resources */ = {
			isa = PBXResourcesBuildPhase;
			buildActionMask = 2147483647;
			files = (
				E56928C62457D55C004C891C /* LaunchScreen.storyboard in Resources */,
				E56928C32457D55C004C891C /* Assets.xcassets in Resources */,
				E56928BE2457D556004C891C /* Main.storyboard in Resources */,
			);
			runOnlyForDeploymentPostprocessing = 0;
		};
		E56928CA2457D55D004C891C /* Resources */ = {
			isa = PBXResourcesBuildPhase;
			buildActionMask = 2147483647;
			files = (
			);
			runOnlyForDeploymentPostprocessing = 0;
		};
		E56928D52457D55D004C891C /* Resources */ = {
			isa = PBXResourcesBuildPhase;
			buildActionMask = 2147483647;
			files = (
			);
			runOnlyForDeploymentPostprocessing = 0;
		};
/* End PBXResourcesBuildPhase section */

/* Begin PBXSourcesBuildPhase section */
		E56928AF2457D556004C891C /* Sources */ = {
			isa = PBXSourcesBuildPhase;
			buildActionMask = 2147483647;
			files = (
				E56928BB2457D556004C891C /* ViewController.swift in Sources */,
				E56928C12457D556004C891C /* TCHClone.xcdatamodeld in Sources */,
				E56928B72457D556004C891C /* AppDelegate.swift in Sources */,
				E56928B92457D556004C891C /* SceneDelegate.swift in Sources */,
			);
			runOnlyForDeploymentPostprocessing = 0;
		};
		E56928C82457D55D004C891C /* Sources */ = {
			isa = PBXSourcesBuildPhase;
			buildActionMask = 2147483647;
			files = (
				E56928D12457D55D004C891C /* TCHCloneTests.swift in Sources */,
			);
			runOnlyForDeploymentPostprocessing = 0;
		};
		E56928D32457D55D004C891C /* Sources */ = {
			isa = PBXSourcesBuildPhase;
			buildActionMask = 2147483647;
			files = (
				E56928DC2457D55D004C891C /* TCHCloneUITests.swift in Sources */,
			);
			runOnlyForDeploymentPostprocessing = 0;
		};
/* End PBXSourcesBuildPhase section */

/* Begin PBXTargetDependency section */
		E56928CE2457D55D004C891C /* PBXTargetDependency */ = {
			isa = PBXTargetDependency;
			target = E56928B22457D556004C891C /* TCHClone */;
			targetProxy = E56928CD2457D55D004C891C /* PBXContainerItemProxy */;
		};
		E56928D92457D55D004C891C /* PBXTargetDependency */ = {
			isa = PBXTargetDependency;
			target = E56928B22457D556004C891C /* TCHClone */;
			targetProxy = E56928D82457D55D004C891C /* PBXContainerItemProxy */;
		};
/* End PBXTargetDependency section */

/* Begin PBXVariantGroup section */
		E56928BC2457D556004C891C /* Main.storyboard */ = {
			isa = PBXVariantGroup;
			children = (
				E56928BD2457D556004C891C /* Base */,
			);
			name = Main.storyboard;
			sourceTree = "<group>";
		};
		E56928C42457D55C004C891C /* LaunchScreen.storyboard */ = {
			isa = PBXVariantGroup;
			children = (
				E56928C52457D55C004C891C /* Base */,
			);
			name = LaunchScreen.storyboard;
			sourceTree = "<group>";
		};
/* End PBXVariantGroup section */

/* Begin XCBuildConfiguration section */
		E56928DE2457D55D004C891C /* Debug */ = {
			isa = XCBuildConfiguration;
			buildSettings = {
				ALWAYS_SEARCH_USER_PATHS = NO;
				CLANG_ANALYZER_NONNULL = YES;
				CLANG_ANALYZER_NUMBER_OBJECT_CONVERSION = YES_AGGRESSIVE;
				CLANG_CXX_LANGUAGE_STANDARD = "gnu++14";
				CLANG_CXX_LIBRARY = "libc++";
				CLANG_ENABLE_MODULES = YES;
				CLANG_ENABLE_OBJC_ARC = YES;
				CLANG_ENABLE_OBJC_WEAK = YES;
				CLANG_WARN_BLOCK_CAPTURE_AUTORELEASING = YES;
				CLANG_WARN_BOOL_CONVERSION = YES;
				CLANG_WARN_COMMA = YES;
				CLANG_WARN_CONSTANT_CONVERSION = YES;
				CLANG_WARN_DEPRECATED_OBJC_IMPLEMENTATIONS = YES;
				CLANG_WARN_DIRECT_OBJC_ISA_USAGE = YES_ERROR;
				CLANG_WARN_DOCUMENTATION_COMMENTS = YES;
				CLANG_WARN_EMPTY_BODY = YES;
				CLANG_WARN_ENUM_CONVERSION = YES;
				CLANG_WARN_INFINITE_RECURSION = YES;
				CLANG_WARN_INT_CONVERSION = YES;
				CLANG_WARN_NON_LITERAL_NULL_CONVERSION = YES;
				CLANG_WARN_OBJC_IMPLICIT_RETAIN_SELF = YES;
				CLANG_WARN_OBJC_LITERAL_CONVERSION = YES;
				CLANG_WARN_OBJC_ROOT_CLASS = YES_ERROR;
				CLANG_WARN_RANGE_LOOP_ANALYSIS = YES;
				CLANG_WARN_STRICT_PROTOTYPES = YES;
				CLANG_WARN_SUSPICIOUS_MOVE = YES;
				CLANG_WARN_UNGUARDED_AVAILABILITY = YES_AGGRESSIVE;
				CLANG_WARN_UNREACHABLE_CODE = YES;
				CLANG_WARN__DUPLICATE_METHOD_MATCH = YES;
				COPY_PHASE_STRIP = NO;
				DEBUG_INFORMATION_FORMAT = dwarf;
				ENABLE_STRICT_OBJC_MSGSEND = YES;
				ENABLE_TESTABILITY = YES;
				GCC_C_LANGUAGE_STANDARD = gnu11;
				GCC_DYNAMIC_NO_PIC = NO;
				GCC_NO_COMMON_BLOCKS = YES;
				GCC_OPTIMIZATION_LEVEL = 0;
				GCC_PREPROCESSOR_DEFINITIONS = (
					"DEBUG=1",
					"$(inherited)",
				);
				GCC_WARN_64_TO_32_BIT_CONVERSION = YES;
				GCC_WARN_ABOUT_RETURN_TYPE = YES_ERROR;
				GCC_WARN_UNDECLARED_SELECTOR = YES;
				GCC_WARN_UNINITIALIZED_AUTOS = YES_AGGRESSIVE;
				GCC_WARN_UNUSED_FUNCTION = YES;
				GCC_WARN_UNUSED_VARIABLE = YES;
				IPHONEOS_DEPLOYMENT_TARGET = 13.4;
				MTL_ENABLE_DEBUG_INFO = INCLUDE_SOURCE;
				MTL_FAST_MATH = YES;
				ONLY_ACTIVE_ARCH = YES;
				SDKROOT = iphoneos;
				SWIFT_ACTIVE_COMPILATION_CONDITIONS = DEBUG;
				SWIFT_OPTIMIZATION_LEVEL = "-Onone";
			};
			name = Debug;
		};
		E56928DF2457D55D004C891C /* Release */ = {
			isa = XCBuildConfiguration;
			buildSettings = {
				ALWAYS_SEARCH_USER_PATHS = NO;
				CLANG_ANALYZER_NONNULL = YES;
				CLANG_ANALYZER_NUMBER_OBJECT_CONVERSION = YES_AGGRESSIVE;
				CLANG_CXX_LANGUAGE_STANDARD = "gnu++14";
				CLANG_CXX_LIBRARY = "libc++";
				CLANG_ENABLE_MODULES = YES;
				CLANG_ENABLE_OBJC_ARC = YES;
				CLANG_ENABLE_OBJC_WEAK = YES;
				CLANG_WARN_BLOCK_CAPTURE_AUTORELEASING = YES;
				CLANG_WARN_BOOL_CONVERSION = YES;
				CLANG_WARN_COMMA = YES;
				CLANG_WARN_CONSTANT_CONVERSION = YES;
				CLANG_WARN_DEPRECATED_OBJC_IMPLEMENTATIONS = YES;
				CLANG_WARN_DIRECT_OBJC_ISA_USAGE = YES_ERROR;
				CLANG_WARN_DOCUMENTATION_COMMENTS = YES;
				CLANG_WARN_EMPTY_BODY = YES;
				CLANG_WARN_ENUM_CONVERSION = YES;
				CLANG_WARN_INFINITE_RECURSION = YES;
				CLANG_WARN_INT_CONVERSION = YES;
				CLANG_WARN_NON_LITERAL_NULL_CONVERSION = YES;
				CLANG_WARN_OBJC_IMPLICIT_RETAIN_SELF = YES;
				CLANG_WARN_OBJC_LITERAL_CONVERSION = YES;
				CLANG_WARN_OBJC_ROOT_CLASS = YES_ERROR;
				CLANG_WARN_RANGE_LOOP_ANALYSIS = YES;
				CLANG_WARN_STRICT_PROTOTYPES = YES;
				CLANG_WARN_SUSPICIOUS_MOVE = YES;
				CLANG_WARN_UNGUARDED_AVAILABILITY = YES_AGGRESSIVE;
				CLANG_WARN_UNREACHABLE_CODE = YES;
				CLANG_WARN__DUPLICATE_METHOD_MATCH = YES;
				COPY_PHASE_STRIP = NO;
				DEBUG_INFORMATION_FORMAT = "dwarf-with-dsym";
				ENABLE_NS_ASSERTIONS = NO;
				ENABLE_STRICT_OBJC_MSGSEND = YES;
				GCC_C_LANGUAGE_STANDARD = gnu11;
				GCC_NO_COMMON_BLOCKS = YES;
				GCC_WARN_64_TO_32_BIT_CONVERSION = YES;
				GCC_WARN_ABOUT_RETURN_TYPE = YES_ERROR;
				GCC_WARN_UNDECLARED_SELECTOR = YES;
				GCC_WARN_UNINITIALIZED_AUTOS = YES_AGGRESSIVE;
				GCC_WARN_UNUSED_FUNCTION = YES;
				GCC_WARN_UNUSED_VARIABLE = YES;
				IPHONEOS_DEPLOYMENT_TARGET = 13.4;
				MTL_ENABLE_DEBUG_INFO = NO;
				MTL_FAST_MATH = YES;
				SDKROOT = iphoneos;
				SWIFT_COMPILATION_MODE = wholemodule;
				SWIFT_OPTIMIZATION_LEVEL = "-O";
				VALIDATE_PRODUCT = YES;
			};
			name = Release;
		};
		E56928E12457D55D004C891C /* Debug */ = {
			isa = XCBuildConfiguration;
			buildSettings = {
				ASSETCATALOG_COMPILER_APPICON_NAME = AppIcon;
				CODE_SIGN_STYLE = Automatic;
				INFOPLIST_FILE = TCHClone/Info.plist;
				LD_RUNPATH_SEARCH_PATHS = (
					"$(inherited)",
					"@executable_path/Frameworks",
				);
				PRODUCT_BUNDLE_IDENTIFIER = TH.TCHClone;
				PRODUCT_NAME = "$(TARGET_NAME)";
				SWIFT_VERSION = 5.0;
				TARGETED_DEVICE_FAMILY = "1,2";
			};
			name = Debug;
		};
		E56928E22457D55D004C891C /* Release */ = {
			isa = XCBuildConfiguration;
			buildSettings = {
				ASSETCATALOG_COMPILER_APPICON_NAME = AppIcon;
				CODE_SIGN_STYLE = Automatic;
				INFOPLIST_FILE = TCHClone/Info.plist;
				LD_RUNPATH_SEARCH_PATHS = (
					"$(inherited)",
					"@executable_path/Frameworks",
				);
				PRODUCT_BUNDLE_IDENTIFIER = TH.TCHClone;
				PRODUCT_NAME = "$(TARGET_NAME)";
				SWIFT_VERSION = 5.0;
				TARGETED_DEVICE_FAMILY = "1,2";
			};
			name = Release;
		};
		E56928E42457D55D004C891C /* Debug */ = {
			isa = XCBuildConfiguration;
			buildSettings = {
				ALWAYS_EMBED_SWIFT_STANDARD_LIBRARIES = YES;
				BUNDLE_LOADER = "$(TEST_HOST)";
				CODE_SIGN_STYLE = Automatic;
				INFOPLIST_FILE = TCHCloneTests/Info.plist;
				IPHONEOS_DEPLOYMENT_TARGET = 13.4;
				LD_RUNPATH_SEARCH_PATHS = (
					"$(inherited)",
					"@executable_path/Frameworks",
					"@loader_path/Frameworks",
				);
				PRODUCT_BUNDLE_IDENTIFIER = TH.TCHCloneTests;
				PRODUCT_NAME = "$(TARGET_NAME)";
				SWIFT_VERSION = 5.0;
				TARGETED_DEVICE_FAMILY = "1,2";
				TEST_HOST = "$(BUILT_PRODUCTS_DIR)/TCHClone.app/TCHClone";
			};
			name = Debug;
		};
		E56928E52457D55D004C891C /* Release */ = {
			isa = XCBuildConfiguration;
			buildSettings = {
				ALWAYS_EMBED_SWIFT_STANDARD_LIBRARIES = YES;
				BUNDLE_LOADER = "$(TEST_HOST)";
				CODE_SIGN_STYLE = Automatic;
				INFOPLIST_FILE = TCHCloneTests/Info.plist;
				IPHONEOS_DEPLOYMENT_TARGET = 13.4;
				LD_RUNPATH_SEARCH_PATHS = (
					"$(inherited)",
					"@executable_path/Frameworks",
					"@loader_path/Frameworks",
				);
				PRODUCT_BUNDLE_IDENTIFIER = TH.TCHCloneTests;
				PRODUCT_NAME = "$(TARGET_NAME)";
				SWIFT_VERSION = 5.0;
				TARGETED_DEVICE_FAMILY = "1,2";
				TEST_HOST = "$(BUILT_PRODUCTS_DIR)/TCHClone.app/TCHClone";
			};
			name = Release;
		};
		E56928E72457D55D004C891C /* Debug */ = {
			isa = XCBuildConfiguration;
			buildSettings = {
				ALWAYS_EMBED_SWIFT_STANDARD_LIBRARIES = YES;
				CODE_SIGN_STYLE = Automatic;
				INFOPLIST_FILE = TCHCloneUITests/Info.plist;
				LD_RUNPATH_SEARCH_PATHS = (
					"$(inherited)",
					"@executable_path/Frameworks",
					"@loader_path/Frameworks",
				);
				PRODUCT_BUNDLE_IDENTIFIER = TH.TCHCloneUITests;
				PRODUCT_NAME = "$(TARGET_NAME)";
				SWIFT_VERSION = 5.0;
				TARGETED_DEVICE_FAMILY = "1,2";
				TEST_TARGET_NAME = TCHClone;
			};
			name = Debug;
		};
		E56928E82457D55D004C891C /* Release */ = {
			isa = XCBuildConfiguration;
			buildSettings = {
				ALWAYS_EMBED_SWIFT_STANDARD_LIBRARIES = YES;
				CODE_SIGN_STYLE = Automatic;
				INFOPLIST_FILE = TCHCloneUITests/Info.plist;
				LD_RUNPATH_SEARCH_PATHS = (
					"$(inherited)",
					"@executable_path/Frameworks",
					"@loader_path/Frameworks",
				);
				PRODUCT_BUNDLE_IDENTIFIER = TH.TCHCloneUITests;
				PRODUCT_NAME = "$(TARGET_NAME)";
				SWIFT_VERSION = 5.0;
				TARGETED_DEVICE_FAMILY = "1,2";
				TEST_TARGET_NAME = TCHClone;
			};
			name = Release;
		};
/* End XCBuildConfiguration section */

/* Begin XCConfigurationList section */
		E56928AE2457D556004C891C /* Build configuration list for PBXProject "TCHClone" */ = {
			isa = XCConfigurationList;
			buildConfigurations = (
				E56928DE2457D55D004C891C /* Debug */,
				E56928DF2457D55D004C891C /* Release */,
			);
			defaultConfigurationIsVisible = 0;
			defaultConfigurationName = Release;
		};
		E56928E02457D55D004C891C /* Build configuration list for PBXNativeTarget "TCHClone" */ = {
			isa = XCConfigurationList;
			buildConfigurations = (
				E56928E12457D55D004C891C /* Debug */,
				E56928E22457D55D004C891C /* Release */,
			);
			defaultConfigurationIsVisible = 0;
			defaultConfigurationName = Release;
		};
		E56928E32457D55D004C891C /* Build configuration list for PBXNativeTarget "TCHCloneTests" */ = {
			isa = XCConfigurationList;
			buildConfigurations = (
				E56928E42457D55D004C891C /* Debug */,
				E56928E52457D55D004C891C /* Release */,
			);
			defaultConfigurationIsVisible = 0;
			defaultConfigurationName = Release;
		};
		E56928E62457D55D004C891C /* Build configuration list for PBXNativeTarget "TCHCloneUITests" */ = {
			isa = XCConfigurationList;
			buildConfigurations = (
				E56928E72457D55D004C891C /* Debug */,
				E56928E82457D55D004C891C /* Release */,
			);
			defaultConfigurationIsVisible = 0;
			defaultConfigurationName = Release;
		};
/* End XCConfigurationList section */

/* Begin XCVersionGroup section */
		E56928BF2457D556004C891C /* TCHClone.xcdatamodeld */ = {
			isa = XCVersionGroup;
			children = (
				E56928C02457D556004C891C /* TCHClone.xcdatamodel */,
			);
			currentVersion = E56928C02457D556004C891C /* TCHClone.xcdatamodel */;
			path = TCHClone.xcdatamodeld;
			sourceTree = "<group>";
			versionGroupType = wrapper.xcdatamodel;
		};
/* End XCVersionGroup section */
	};
	rootObject = E56928AB2457D556004C891C /* Project object */;
}
